// !$*UTF8*$!
{
	archiveVersion = 1;
	classes = {
	};
	objectVersion = 46;
	objects = {

/* Begin PBXBuildFile section */
		30CF461A1AB6D7AC00E0A4C9 /* main.m in Sources */ = {isa = PBXBuildFile; fileRef = 30CF46191AB6D7AC00E0A4C9 /* main.m */; };
		30CF461D1AB6D7AC00E0A4C9 /* AppDelegate.m in Sources */ = {isa = PBXBuildFile; fileRef = 30CF461C1AB6D7AC00E0A4C9 /* AppDelegate.m */; };
		30CF46201AB6D7AC00E0A4C9 /* MRICloud.xcdatamodeld in Sources */ = {isa = PBXBuildFile; fileRef = 30CF461E1AB6D7AC00E0A4C9 /* MRICloud.xcdatamodeld */; };
		30CF46231AB6D7AC00E0A4C9 /* MasterViewController.m in Sources */ = {isa = PBXBuildFile; fileRef = 30CF46221AB6D7AC00E0A4C9 /* MasterViewController.m */; };
		30CF46261AB6D7AC00E0A4C9 /* DetailViewController.m in Sources */ = {isa = PBXBuildFile; fileRef = 30CF46251AB6D7AC00E0A4C9 /* DetailViewController.m */; };
		30CF46291AB6D7AC00E0A4C9 /* Main.storyboard in Resources */ = {isa = PBXBuildFile; fileRef = 30CF46271AB6D7AC00E0A4C9 /* Main.storyboard */; };
		30CF462B1AB6D7AC00E0A4C9 /* Images.xcassets in Resources */ = {isa = PBXBuildFile; fileRef = 30CF462A1AB6D7AC00E0A4C9 /* Images.xcassets */; };
		30CF462E1AB6D7AC00E0A4C9 /* LaunchScreen.xib in Resources */ = {isa = PBXBuildFile; fileRef = 30CF462C1AB6D7AC00E0A4C9 /* LaunchScreen.xib */; };
		30CF463A1AB6D7AC00E0A4C9 /* MRICloudTests.m in Sources */ = {isa = PBXBuildFile; fileRef = 30CF46391AB6D7AC00E0A4C9 /* MRICloudTests.m */; };
		30CF48551AB6E15B00E0A4C9 /* libMagicalRecord-iOS.a in Frameworks */ = {isa = PBXBuildFile; fileRef = 30CF482B1AB6DA4100E0A4C9 /* libMagicalRecord-iOS.a */; };
/* End PBXBuildFile section */

/* Begin PBXContainerItemProxy section */
		30CF46341AB6D7AC00E0A4C9 /* PBXContainerItemProxy */ = {
			isa = PBXContainerItemProxy;
			containerPortal = 30CF460C1AB6D7AB00E0A4C9 /* Project object */;
			proxyType = 1;
			remoteGlobalIDString = 30CF46131AB6D7AB00E0A4C9;
			remoteInfo = MRICloud;
		};
		30CF48261AB6DA4100E0A4C9 /* PBXContainerItemProxy */ = {
			isa = PBXContainerItemProxy;
			containerPortal = 30CF481C1AB6DA4100E0A4C9 /* MagicalRecord.xcodeproj */;
			proxyType = 2;
			remoteGlobalIDString = 905D07181A63DE190076B54E;
			remoteInfo = "MagicalRecord-iOS";
		};
		30CF48281AB6DA4100E0A4C9 /* PBXContainerItemProxy */ = {
			isa = PBXContainerItemProxy;
			containerPortal = 30CF481C1AB6DA4100E0A4C9 /* MagicalRecord.xcodeproj */;
			proxyType = 2;
			remoteGlobalIDString = 905D073B1A63DE690076B54E;
			remoteInfo = "MagicalRecord-OSX";
		};
		30CF482A1AB6DA4100E0A4C9 /* PBXContainerItemProxy */ = {
			isa = PBXContainerItemProxy;
			containerPortal = 30CF481C1AB6DA4100E0A4C9 /* MagicalRecord.xcodeproj */;
			proxyType = 2;
			remoteGlobalIDString = C7CF97AB17498414008D9D13;
			remoteInfo = "libMagicalRecord-iOS";
		};
		30CF482C1AB6DA4100E0A4C9 /* PBXContainerItemProxy */ = {
			isa = PBXContainerItemProxy;
			containerPortal = 30CF481C1AB6DA4100E0A4C9 /* MagicalRecord.xcodeproj */;
			proxyType = 2;
			remoteGlobalIDString = C7CF97BB1749843F008D9D13;
			remoteInfo = "libMagicalRecord-OSX";
		};
		30CF482E1AB6DA4100E0A4C9 /* PBXContainerItemProxy */ = {
			isa = PBXContainerItemProxy;
			containerPortal = 30CF481C1AB6DA4100E0A4C9 /* MagicalRecord.xcodeproj */;
			proxyType = 2;
			remoteGlobalIDString = C7CF97FF174984CA008D9D13;
			remoteInfo = "MagicalRecordTests-iOS";
		};
		30CF48301AB6DA4100E0A4C9 /* PBXContainerItemProxy */ = {
			isa = PBXContainerItemProxy;
			containerPortal = 30CF481C1AB6DA4100E0A4C9 /* MagicalRecord.xcodeproj */;
			proxyType = 2;
			remoteGlobalIDString = C7CF9816174984E4008D9D13;
			remoteInfo = "MagicalRecordTests-OSX";
		};
/* End PBXContainerItemProxy section */

/* Begin PBXFileReference section */
		30CF46141AB6D7AC00E0A4C9 /* MRICloud.app */ = {isa = PBXFileReference; explicitFileType = wrapper.application; includeInIndex = 0; path = MRICloud.app; sourceTree = BUILT_PRODUCTS_DIR; };
		30CF46181AB6D7AC00E0A4C9 /* Info.plist */ = {isa = PBXFileReference; lastKnownFileType = text.plist.xml; path = Info.plist; sourceTree = "<group>"; };
		30CF46191AB6D7AC00E0A4C9 /* main.m */ = {isa = PBXFileReference; lastKnownFileType = sourcecode.c.objc; path = main.m; sourceTree = "<group>"; };
		30CF461B1AB6D7AC00E0A4C9 /* AppDelegate.h */ = {isa = PBXFileReference; lastKnownFileType = sourcecode.c.h; path = AppDelegate.h; sourceTree = "<group>"; };
		30CF461C1AB6D7AC00E0A4C9 /* AppDelegate.m */ = {isa = PBXFileReference; lastKnownFileType = sourcecode.c.objc; path = AppDelegate.m; sourceTree = "<group>"; };
		30CF461F1AB6D7AC00E0A4C9 /* MRICloud.xcdatamodel */ = {isa = PBXFileReference; lastKnownFileType = wrapper.xcdatamodel; path = MRICloud.xcdatamodel; sourceTree = "<group>"; };
		30CF46211AB6D7AC00E0A4C9 /* MasterViewController.h */ = {isa = PBXFileReference; lastKnownFileType = sourcecode.c.h; path = MasterViewController.h; sourceTree = "<group>"; };
		30CF46221AB6D7AC00E0A4C9 /* MasterViewController.m */ = {isa = PBXFileReference; lastKnownFileType = sourcecode.c.objc; path = MasterViewController.m; sourceTree = "<group>"; };
		30CF46241AB6D7AC00E0A4C9 /* DetailViewController.h */ = {isa = PBXFileReference; lastKnownFileType = sourcecode.c.h; path = DetailViewController.h; sourceTree = "<group>"; };
		30CF46251AB6D7AC00E0A4C9 /* DetailViewController.m */ = {isa = PBXFileReference; lastKnownFileType = sourcecode.c.objc; path = DetailViewController.m; sourceTree = "<group>"; };
		30CF46281AB6D7AC00E0A4C9 /* Base */ = {isa = PBXFileReference; lastKnownFileType = file.storyboard; name = Base; path = Base.lproj/Main.storyboard; sourceTree = "<group>"; };
		30CF462A1AB6D7AC00E0A4C9 /* Images.xcassets */ = {isa = PBXFileReference; lastKnownFileType = folder.assetcatalog; path = Images.xcassets; sourceTree = "<group>"; };
		30CF462D1AB6D7AC00E0A4C9 /* Base */ = {isa = PBXFileReference; lastKnownFileType = file.xib; name = Base; path = Base.lproj/LaunchScreen.xib; sourceTree = "<group>"; };
		30CF46331AB6D7AC00E0A4C9 /* MRICloudTests.xctest */ = {isa = PBXFileReference; explicitFileType = wrapper.cfbundle; includeInIndex = 0; path = MRICloudTests.xctest; sourceTree = BUILT_PRODUCTS_DIR; };
		30CF46381AB6D7AC00E0A4C9 /* Info.plist */ = {isa = PBXFileReference; lastKnownFileType = text.plist.xml; path = Info.plist; sourceTree = "<group>"; };
		30CF46391AB6D7AC00E0A4C9 /* MRICloudTests.m */ = {isa = PBXFileReference; lastKnownFileType = sourcecode.c.objc; path = MRICloudTests.m; sourceTree = "<group>"; };
		30CF481C1AB6DA4100E0A4C9 /* MagicalRecord.xcodeproj */ = {isa = PBXFileReference; lastKnownFileType = "wrapper.pb-project"; name = MagicalRecord.xcodeproj; path = vendor/MagicalRecord/MagicalRecord.xcodeproj; sourceTree = "<group>"; };
		30CF48561AB6E3D700E0A4C9 /* MRICloud.entitlements */ = {isa = PBXFileReference; lastKnownFileType = text.xml; path = MRICloud.entitlements; sourceTree = "<group>"; };
/* End PBXFileReference section */

/* Begin PBXFrameworksBuildPhase section */
		30CF46111AB6D7AB00E0A4C9 /* Frameworks */ = {
			isa = PBXFrameworksBuildPhase;
			buildActionMask = 2147483647;
			files = (
				30CF48551AB6E15B00E0A4C9 /* libMagicalRecord-iOS.a in Frameworks */,
			);
			runOnlyForDeploymentPostprocessing = 0;
		};
		30CF46301AB6D7AC00E0A4C9 /* Frameworks */ = {
			isa = PBXFrameworksBuildPhase;
			buildActionMask = 2147483647;
			files = (
			);
			runOnlyForDeploymentPostprocessing = 0;
		};
/* End PBXFrameworksBuildPhase section */

/* Begin PBXGroup section */
		30CF460B1AB6D7AB00E0A4C9 = {
			isa = PBXGroup;
			children = (
				30CF481C1AB6DA4100E0A4C9 /* MagicalRecord.xcodeproj */,
				30CF46161AB6D7AC00E0A4C9 /* MRICloud */,
				30CF46361AB6D7AC00E0A4C9 /* MRICloudTests */,
				30CF46151AB6D7AC00E0A4C9 /* Products */,
			);
			sourceTree = "<group>";
		};
		30CF46151AB6D7AC00E0A4C9 /* Products */ = {
			isa = PBXGroup;
			children = (
				30CF46141AB6D7AC00E0A4C9 /* MRICloud.app */,
				30CF46331AB6D7AC00E0A4C9 /* MRICloudTests.xctest */,
			);
			name = Products;
			sourceTree = "<group>";
		};
		30CF46161AB6D7AC00E0A4C9 /* MRICloud */ = {
			isa = PBXGroup;
			children = (
				30CF48561AB6E3D700E0A4C9 /* MRICloud.entitlements */,
				30CF461B1AB6D7AC00E0A4C9 /* AppDelegate.h */,
				30CF461C1AB6D7AC00E0A4C9 /* AppDelegate.m */,
				30CF46211AB6D7AC00E0A4C9 /* MasterViewController.h */,
				30CF46221AB6D7AC00E0A4C9 /* MasterViewController.m */,
				30CF46241AB6D7AC00E0A4C9 /* DetailViewController.h */,
				30CF46251AB6D7AC00E0A4C9 /* DetailViewController.m */,
				30CF46271AB6D7AC00E0A4C9 /* Main.storyboard */,
				30CF462A1AB6D7AC00E0A4C9 /* Images.xcassets */,
				30CF462C1AB6D7AC00E0A4C9 /* LaunchScreen.xib */,
				30CF461E1AB6D7AC00E0A4C9 /* MRICloud.xcdatamodeld */,
				30CF46171AB6D7AC00E0A4C9 /* Supporting Files */,
			);
			path = MRICloud;
			sourceTree = "<group>";
		};
		30CF46171AB6D7AC00E0A4C9 /* Supporting Files */ = {
			isa = PBXGroup;
			children = (
				30CF46181AB6D7AC00E0A4C9 /* Info.plist */,
				30CF46191AB6D7AC00E0A4C9 /* main.m */,
			);
			name = "Supporting Files";
			sourceTree = "<group>";
		};
		30CF46361AB6D7AC00E0A4C9 /* MRICloudTests */ = {
			isa = PBXGroup;
			children = (
				30CF46391AB6D7AC00E0A4C9 /* MRICloudTests.m */,
				30CF46371AB6D7AC00E0A4C9 /* Supporting Files */,
			);
			path = MRICloudTests;
			sourceTree = "<group>";
		};
		30CF46371AB6D7AC00E0A4C9 /* Supporting Files */ = {
			isa = PBXGroup;
			children = (
				30CF46381AB6D7AC00E0A4C9 /* Info.plist */,
			);
			name = "Supporting Files";
			sourceTree = "<group>";
		};
		30CF481D1AB6DA4100E0A4C9 /* Products */ = {
			isa = PBXGroup;
			children = (
				30CF48271AB6DA4100E0A4C9 /* MagicalRecord.framework */,
				30CF48291AB6DA4100E0A4C9 /* MagicalRecord.framework */,
				30CF482B1AB6DA4100E0A4C9 /* libMagicalRecord-iOS.a */,
				30CF482D1AB6DA4100E0A4C9 /* libMagicalRecord-OSX.dylib */,
				30CF482F1AB6DA4100E0A4C9 /* MagicalRecordTests-iOS.xctest */,
				30CF48311AB6DA4100E0A4C9 /* MagicalRecordTests-OSX.xctest */,
			);
			name = Products;
			sourceTree = "<group>";
		};
/* End PBXGroup section */

/* Begin PBXNativeTarget section */
		30CF46131AB6D7AB00E0A4C9 /* MRICloud */ = {
			isa = PBXNativeTarget;
			buildConfigurationList = 30CF463D1AB6D7AC00E0A4C9 /* Build configuration list for PBXNativeTarget "MRICloud" */;
			buildPhases = (
				30CF46101AB6D7AB00E0A4C9 /* Sources */,
				30CF46111AB6D7AB00E0A4C9 /* Frameworks */,
				30CF46121AB6D7AB00E0A4C9 /* Resources */,
			);
			buildRules = (
			);
			dependencies = (
			);
			name = MRICloud;
			productName = MRICloud;
			productReference = 30CF46141AB6D7AC00E0A4C9 /* MRICloud.app */;
			productType = "com.apple.product-type.application";
		};
		30CF46321AB6D7AC00E0A4C9 /* MRICloudTests */ = {
			isa = PBXNativeTarget;
			buildConfigurationList = 30CF46401AB6D7AC00E0A4C9 /* Build configuration list for PBXNativeTarget "MRICloudTests" */;
			buildPhases = (
				30CF462F1AB6D7AC00E0A4C9 /* Sources */,
				30CF46301AB6D7AC00E0A4C9 /* Frameworks */,
				30CF46311AB6D7AC00E0A4C9 /* Resources */,
			);
			buildRules = (
			);
			dependencies = (
				30CF46351AB6D7AC00E0A4C9 /* PBXTargetDependency */,
			);
			name = MRICloudTests;
			productName = MRICloudTests;
			productReference = 30CF46331AB6D7AC00E0A4C9 /* MRICloudTests.xctest */;
			productType = "com.apple.product-type.bundle.unit-test";
		};
/* End PBXNativeTarget section */

/* Begin PBXProject section */
		30CF460C1AB6D7AB00E0A4C9 /* Project object */ = {
			isa = PBXProject;
			attributes = {
				LastUpgradeCheck = 0610;
				ORGANIZATIONNAME = F8.cz;
				TargetAttributes = {
					30CF46131AB6D7AB00E0A4C9 = {
						CreatedOnToolsVersion = 6.1.1;
					};
					30CF46321AB6D7AC00E0A4C9 = {
						CreatedOnToolsVersion = 6.1.1;
						TestTargetID = 30CF46131AB6D7AB00E0A4C9;
					};
				};
			};
			buildConfigurationList = 30CF460F1AB6D7AB00E0A4C9 /* Build configuration list for PBXProject "MRICloud" */;
			compatibilityVersion = "Xcode 3.2";
			developmentRegion = English;
			hasScannedForEncodings = 0;
			knownRegions = (
				en,
				Base,
			);
			mainGroup = 30CF460B1AB6D7AB00E0A4C9;
			productRefGroup = 30CF46151AB6D7AC00E0A4C9 /* Products */;
			projectDirPath = "";
			projectReferences = (
				{
					ProductGroup = 30CF481D1AB6DA4100E0A4C9 /* Products */;
					ProjectRef = 30CF481C1AB6DA4100E0A4C9 /* MagicalRecord.xcodeproj */;
				},
			);
			projectRoot = "";
			targets = (
				30CF46131AB6D7AB00E0A4C9 /* MRICloud */,
				30CF46321AB6D7AC00E0A4C9 /* MRICloudTests */,
			);
		};
/* End PBXProject section */

/* Begin PBXReferenceProxy section */
		30CF48271AB6DA4100E0A4C9 /* MagicalRecord.framework */ = {
			isa = PBXReferenceProxy;
			fileType = wrapper.framework;
			path = MagicalRecord.framework;
			remoteRef = 30CF48261AB6DA4100E0A4C9 /* PBXContainerItemProxy */;
			sourceTree = BUILT_PRODUCTS_DIR;
		};
		30CF48291AB6DA4100E0A4C9 /* MagicalRecord.framework */ = {
			isa = PBXReferenceProxy;
			fileType = wrapper.framework;
			path = MagicalRecord.framework;
			remoteRef = 30CF48281AB6DA4100E0A4C9 /* PBXContainerItemProxy */;
			sourceTree = BUILT_PRODUCTS_DIR;
		};
		30CF482B1AB6DA4100E0A4C9 /* libMagicalRecord-iOS.a */ = {
			isa = PBXReferenceProxy;
			fileType = archive.ar;
			path = "libMagicalRecord-iOS.a";
			remoteRef = 30CF482A1AB6DA4100E0A4C9 /* PBXContainerItemProxy */;
			sourceTree = BUILT_PRODUCTS_DIR;
		};
		30CF482D1AB6DA4100E0A4C9 /* libMagicalRecord-OSX.dylib */ = {
			isa = PBXReferenceProxy;
			fileType = "compiled.mach-o.dylib";
			path = "libMagicalRecord-OSX.dylib";
			remoteRef = 30CF482C1AB6DA4100E0A4C9 /* PBXContainerItemProxy */;
			sourceTree = BUILT_PRODUCTS_DIR;
		};
		30CF482F1AB6DA4100E0A4C9 /* MagicalRecordTests-iOS.xctest */ = {
			isa = PBXReferenceProxy;
			fileType = wrapper.cfbundle;
			path = "MagicalRecordTests-iOS.xctest";
			remoteRef = 30CF482E1AB6DA4100E0A4C9 /* PBXContainerItemProxy */;
			sourceTree = BUILT_PRODUCTS_DIR;
		};
		30CF48311AB6DA4100E0A4C9 /* MagicalRecordTests-OSX.xctest */ = {
			isa = PBXReferenceProxy;
			fileType = wrapper.cfbundle;
			path = "MagicalRecordTests-OSX.xctest";
			remoteRef = 30CF48301AB6DA4100E0A4C9 /* PBXContainerItemProxy */;
			sourceTree = BUILT_PRODUCTS_DIR;
		};
/* End PBXReferenceProxy section */

/* Begin PBXResourcesBuildPhase section */
		30CF46121AB6D7AB00E0A4C9 /* Resources */ = {
			isa = PBXResourcesBuildPhase;
			buildActionMask = 2147483647;
			files = (
				30CF46291AB6D7AC00E0A4C9 /* Main.storyboard in Resources */,
				30CF462E1AB6D7AC00E0A4C9 /* LaunchScreen.xib in Resources */,
				30CF462B1AB6D7AC00E0A4C9 /* Images.xcassets in Resources */,
			);
			runOnlyForDeploymentPostprocessing = 0;
		};
		30CF46311AB6D7AC00E0A4C9 /* Resources */ = {
			isa = PBXResourcesBuildPhase;
			buildActionMask = 2147483647;
			files = (
			);
			runOnlyForDeploymentPostprocessing = 0;
		};
/* End PBXResourcesBuildPhase section */

/* Begin PBXSourcesBuildPhase section */
		30CF46101AB6D7AB00E0A4C9 /* Sources */ = {
			isa = PBXSourcesBuildPhase;
			buildActionMask = 2147483647;
			files = (
				30CF46261AB6D7AC00E0A4C9 /* DetailViewController.m in Sources */,
				30CF46231AB6D7AC00E0A4C9 /* MasterViewController.m in Sources */,
				30CF46201AB6D7AC00E0A4C9 /* MRICloud.xcdatamodeld in Sources */,
				30CF461D1AB6D7AC00E0A4C9 /* AppDelegate.m in Sources */,
				30CF461A1AB6D7AC00E0A4C9 /* main.m in Sources */,
			);
			runOnlyForDeploymentPostprocessing = 0;
		};
		30CF462F1AB6D7AC00E0A4C9 /* Sources */ = {
			isa = PBXSourcesBuildPhase;
			buildActionMask = 2147483647;
			files = (
				30CF463A1AB6D7AC00E0A4C9 /* MRICloudTests.m in Sources */,
			);
			runOnlyForDeploymentPostprocessing = 0;
		};
/* End PBXSourcesBuildPhase section */

/* Begin PBXTargetDependency section */
		30CF46351AB6D7AC00E0A4C9 /* PBXTargetDependency */ = {
			isa = PBXTargetDependency;
			target = 30CF46131AB6D7AB00E0A4C9 /* MRICloud */;
			targetProxy = 30CF46341AB6D7AC00E0A4C9 /* PBXContainerItemProxy */;
		};
/* End PBXTargetDependency section */

/* Begin PBXVariantGroup section */
		30CF46271AB6D7AC00E0A4C9 /* Main.storyboard */ = {
			isa = PBXVariantGroup;
			children = (
				30CF46281AB6D7AC00E0A4C9 /* Base */,
			);
			name = Main.storyboard;
			sourceTree = "<group>";
		};
		30CF462C1AB6D7AC00E0A4C9 /* LaunchScreen.xib */ = {
			isa = PBXVariantGroup;
			children = (
				30CF462D1AB6D7AC00E0A4C9 /* Base */,
			);
			name = LaunchScreen.xib;
			sourceTree = "<group>";
		};
/* End PBXVariantGroup section */

/* Begin XCBuildConfiguration section */
		30CF463B1AB6D7AC00E0A4C9 /* Debug */ = {
			isa = XCBuildConfiguration;
			buildSettings = {
				ALWAYS_SEARCH_USER_PATHS = NO;
				CLANG_CXX_LANGUAGE_STANDARD = "gnu++0x";
				CLANG_CXX_LIBRARY = "libc++";
				CLANG_ENABLE_MODULES = YES;
				CLANG_ENABLE_OBJC_ARC = YES;
				CLANG_WARN_BOOL_CONVERSION = YES;
				CLANG_WARN_CONSTANT_CONVERSION = YES;
				CLANG_WARN_DIRECT_OBJC_ISA_USAGE = YES_ERROR;
				CLANG_WARN_EMPTY_BODY = YES;
				CLANG_WARN_ENUM_CONVERSION = YES;
				CLANG_WARN_INT_CONVERSION = YES;
				CLANG_WARN_OBJC_ROOT_CLASS = YES_ERROR;
				CLANG_WARN_UNREACHABLE_CODE = YES;
				CLANG_WARN__DUPLICATE_METHOD_MATCH = YES;
				"CODE_SIGN_IDENTITY[sdk=iphoneos*]" = "iPhone Developer";
				COPY_PHASE_STRIP = NO;
				ENABLE_STRICT_OBJC_MSGSEND = YES;
				GCC_C_LANGUAGE_STANDARD = gnu99;
				GCC_DYNAMIC_NO_PIC = NO;
				GCC_OPTIMIZATION_LEVEL = 0;
				GCC_PREPROCESSOR_DEFINITIONS = (
					"DEBUG=1",
					"$(inherited)",
				);
				GCC_SYMBOLS_PRIVATE_EXTERN = NO;
				GCC_WARN_64_TO_32_BIT_CONVERSION = YES;
				GCC_WARN_ABOUT_RETURN_TYPE = YES_ERROR;
				GCC_WARN_UNDECLARED_SELECTOR = YES;
				GCC_WARN_UNINITIALIZED_AUTOS = YES_AGGRESSIVE;
				GCC_WARN_UNUSED_FUNCTION = YES;
				GCC_WARN_UNUSED_VARIABLE = YES;
				IPHONEOS_DEPLOYMENT_TARGET = 8.1;
				MTL_ENABLE_DEBUG_INFO = YES;
				ONLY_ACTIVE_ARCH = YES;
				SDKROOT = iphoneos;
				TARGETED_DEVICE_FAMILY = "1,2";
			};
			name = Debug;
		};
		30CF463C1AB6D7AC00E0A4C9 /* Release */ = {
			isa = XCBuildConfiguration;
			buildSettings = {
				ALWAYS_SEARCH_USER_PATHS = NO;
				CLANG_CXX_LANGUAGE_STANDARD = "gnu++0x";
				CLANG_CXX_LIBRARY = "libc++";
				CLANG_ENABLE_MODULES = YES;
				CLANG_ENABLE_OBJC_ARC = YES;
				CLANG_WARN_BOOL_CONVERSION = YES;
				CLANG_WARN_CONSTANT_CONVERSION = YES;
				CLANG_WARN_DIRECT_OBJC_ISA_USAGE = YES_ERROR;
				CLANG_WARN_EMPTY_BODY = YES;
				CLANG_WARN_ENUM_CONVERSION = YES;
				CLANG_WARN_INT_CONVERSION = YES;
				CLANG_WARN_OBJC_ROOT_CLASS = YES_ERROR;
				CLANG_WARN_UNREACHABLE_CODE = YES;
				CLANG_WARN__DUPLICATE_METHOD_MATCH = YES;
				"CODE_SIGN_IDENTITY[sdk=iphoneos*]" = "iPhone Developer";
				COPY_PHASE_STRIP = YES;
				ENABLE_NS_ASSERTIONS = NO;
				ENABLE_STRICT_OBJC_MSGSEND = YES;
				GCC_C_LANGUAGE_STANDARD = gnu99;
				GCC_WARN_64_TO_32_BIT_CONVERSION = YES;
				GCC_WARN_ABOUT_RETURN_TYPE = YES_ERROR;
				GCC_WARN_UNDECLARED_SELECTOR = YES;
				GCC_WARN_UNINITIALIZED_AUTOS = YES_AGGRESSIVE;
				GCC_WARN_UNUSED_FUNCTION = YES;
				GCC_WARN_UNUSED_VARIABLE = YES;
				IPHONEOS_DEPLOYMENT_TARGET = 8.1;
				MTL_ENABLE_DEBUG_INFO = NO;
				SDKROOT = iphoneos;
				TARGETED_DEVICE_FAMILY = "1,2";
				VALIDATE_PRODUCT = YES;
			};
			name = Release;
		};
		30CF463E1AB6D7AC00E0A4C9 /* Debug */ = {
			isa = XCBuildConfiguration;
			buildSettings = {
				ASSETCATALOG_COMPILER_APPICON_NAME = AppIcon;
				CODE_SIGN_ENTITLEMENTS = MRICloud/MRICloud.entitlements;
				CODE_SIGN_IDENTITY = "iPhone Developer";
				"CODE_SIGN_IDENTITY[sdk=iphoneos*]" = "iPhone Developer";
				HEADER_SEARCH_PATHS = (
					"$(inherited)",
					/Applications/Xcode.app/Contents/Developer/Toolchains/XcodeDefault.xctoolchain/usr/include,
					"$(SRCROOT)/vendor/MagicalRecord/MagicalRecord/**",
				);
				INFOPLIST_FILE = MRICloud/Info.plist;
				LD_RUNPATH_SEARCH_PATHS = "$(inherited) @executable_path/Frameworks";
				OTHER_LDFLAGS = (
					"-ObjC",
					"-all_load",
				);
				PRODUCT_NAME = "$(TARGET_NAME)";
				PROVISIONING_PROFILE = "";
			};
			name = Debug;
		};
		30CF463F1AB6D7AC00E0A4C9 /* Release */ = {
			isa = XCBuildConfiguration;
			buildSettings = {
				ASSETCATALOG_COMPILER_APPICON_NAME = AppIcon;
				CODE_SIGN_ENTITLEMENTS = MRICloud/MRICloud.entitlements;
				CODE_SIGN_IDENTITY = "iPhone Developer";
				"CODE_SIGN_IDENTITY[sdk=iphoneos*]" = "iPhone Developer";
				HEADER_SEARCH_PATHS = (
					"$(inherited)",
					/Applications/Xcode.app/Contents/Developer/Toolchains/XcodeDefault.xctoolchain/usr/include,
					"$(SRCROOT)/vendor/MagicalRecord/MagicalRecord/**",
				);
				INFOPLIST_FILE = MRICloud/Info.plist;
				LD_RUNPATH_SEARCH_PATHS = "$(inherited) @executable_path/Frameworks";
				OTHER_LDFLAGS = (
					"-ObjC",
					"-all_load",
				);
				PRODUCT_NAME = "$(TARGET_NAME)";
				PROVISIONING_PROFILE = "";
			};
			name = Release;
		};
		30CF46411AB6D7AC00E0A4C9 /* Debug */ = {
			isa = XCBuildConfiguration;
			buildSettings = {
				BUNDLE_LOADER = "$(TEST_HOST)";
				FRAMEWORK_SEARCH_PATHS = (
					"$(SDKROOT)/Developer/Library/Frameworks",
					"$(inherited)",
				);
				GCC_PREPROCESSOR_DEFINITIONS = (
					"DEBUG=1",
					"$(inherited)",
				);
				INFOPLIST_FILE = MRICloudTests/Info.plist;
				LD_RUNPATH_SEARCH_PATHS = "$(inherited) @executable_path/Frameworks @loader_path/Frameworks";
				PRODUCT_NAME = "$(TARGET_NAME)";
				TEST_HOST = "$(BUILT_PRODUCTS_DIR)/MRICloud.app/MRICloud";
			};
			name = Debug;
		};
		30CF46421AB6D7AC00E0A4C9 /* Release */ = {
			isa = XCBuildConfiguration;
			buildSettings = {
				BUNDLE_LOADER = "$(TEST_HOST)";
				FRAMEWORK_SEARCH_PATHS = (
					"$(SDKROOT)/Developer/Library/Frameworks",
					"$(inherited)",
				);
				INFOPLIST_FILE = MRICloudTests/Info.plist;
				LD_RUNPATH_SEARCH_PATHS = "$(inherited) @executable_path/Frameworks @loader_path/Frameworks";
				PRODUCT_NAME = "$(TARGET_NAME)";
				TEST_HOST = "$(BUILT_PRODUCTS_DIR)/MRICloud.app/MRICloud";
			};
			name = Release;
		};
/* End XCBuildConfiguration section */

/* Begin XCConfigurationList section */
		30CF460F1AB6D7AB00E0A4C9 /* Build configuration list for PBXProject "MRICloud" */ = {
			isa = XCConfigurationList;
			buildConfigurations = (
				30CF463B1AB6D7AC00E0A4C9 /* Debug */,
				30CF463C1AB6D7AC00E0A4C9 /* Release */,
			);
			defaultConfigurationIsVisible = 0;
			defaultConfigurationName = Release;
		};
		30CF463D1AB6D7AC00E0A4C9 /* Build configuration list for PBXNativeTarget "MRICloud" */ = {
			isa = XCConfigurationList;
			buildConfigurations = (
				30CF463E1AB6D7AC00E0A4C9 /* Debug */,
				30CF463F1AB6D7AC00E0A4C9 /* Release */,
			);
			defaultConfigurationIsVisible = 0;
		};
		30CF46401AB6D7AC00E0A4C9 /* Build configuration list for PBXNativeTarget "MRICloudTests" */ = {
			isa = XCConfigurationList;
			buildConfigurations = (
				30CF46411AB6D7AC00E0A4C9 /* Debug */,
				30CF46421AB6D7AC00E0A4C9 /* Release */,
			);
			defaultConfigurationIsVisible = 0;
		};
/* End XCConfigurationList section */

/* Begin XCVersionGroup section */
		30CF461E1AB6D7AC00E0A4C9 /* MRICloud.xcdatamodeld */ = {
			isa = XCVersionGroup;
			children = (
				30CF461F1AB6D7AC00E0A4C9 /* MRICloud.xcdatamodel */,
			);
			currentVersion = 30CF461F1AB6D7AC00E0A4C9 /* MRICloud.xcdatamodel */;
			path = MRICloud.xcdatamodeld;
			sourceTree = "<group>";
			versionGroupType = wrapper.xcdatamodel;
		};
/* End XCVersionGroup section */
	};
	rootObject = 30CF460C1AB6D7AB00E0A4C9 /* Project object */;
}
